
Microsoft Visual Studio Solution File, Format Version 12.00
# Visual Studio Version 16
VisualStudioVersion = 16.0.34729.46
MinimumVisualStudioVersion = 10.0.40219.1
Project("{D2ABAB84-BF74-430A-B69E-9DC6D40DDA17}") = "SSAS_DataMining", "SSAS_DataMining.dwproj", "{7D6C7364-EB64-4E7B-9148-E8B979F34E08}"
EndProject
Global
	GlobalSection(SolutionConfigurationPlatforms) = preSolution
		Development|Default = Development|Default
	EndGlobalSection
	GlobalSection(ProjectConfigurationPlatforms) = postSolution
		{7D6C7364-EB64-4E7B-9148-E8B979F34E08}.Development|Default.ActiveCfg = Development
		{7D6C7364-EB64-4E7B-9148-E8B979F34E08}.Development|Default.Build.0 = Development
		{7D6C7364-EB64-4E7B-9148-E8B979F34E08}.Development|Default.Deploy.0 = Development
	EndGlobalSection
	GlobalSection(SolutionProperties) = preSolution
		HideSolutionNode = FALSE
	EndGlobalSection
	GlobalSection(ExtensibilityGlobals) = postSolution
		SolutionGuid = {C8349BD6-B347-4743-80FA-0712247CAC19}
	EndGlobalSection
EndGlobal
