
Microsoft Visual Studio Solution File, Format Version 12.00
# Visual Studio Version 17
VisualStudioVersion = 17.9.34701.34
MinimumVisualStudioVersion = 10.0.40219.1
Project("{D2ABAB84-BF74-430A-B69E-9DC6D40DDA17}") = "NBA", "NBA\NBA.dwproj", "{75E25C6C-36C9-4882-892A-ABA78E49F361}"
EndProject
Global
	GlobalSection(SolutionConfigurationPlatforms) = preSolution
		Development|Default = Development|Default
	EndGlobalSection
	GlobalSection(ProjectConfigurationPlatforms) = postSolution
		{75E25C6C-36C9-4882-892A-ABA78E49F361}.Development|Default.ActiveCfg = Development
		{75E25C6C-36C9-4882-892A-ABA78E49F361}.Development|Default.Build.0 = Development
		{75E25C6C-36C9-4882-892A-ABA78E49F361}.Development|Default.Deploy.0 = Development
	EndGlobalSection
	GlobalSection(SolutionProperties) = preSolution
		HideSolutionNode = FALSE
	EndGlobalSection
	GlobalSection(ExtensibilityGlobals) = postSolution
		SolutionGuid = {962B9E53-CC9A-4E1B-B5FD-03CCD9DF9F58}
	EndGlobalSection
EndGlobal
